{
    "version": 3,
    "terraform_version": "0.9.3",
    "serial": 63,
    "lineage": "53dbc426-3535-4eab-8d5c-9053a9000208",
    "modules": [
        {
            "path": [
                "root"
            ],
            "outputs": {},
            "resources": {
                "aws_cloudwatch_event_rule.jumpcloud": {
                    "type": "aws_cloudwatch_event_rule",
                    "depends_on": [],
                    "primary": {
                        "id": "JumpcloudReport",
                        "attributes": {
                            "arn": "arn:aws:events:us-west-2:913835907225:rule/JumpcloudReport",
                            "description": "Run a job at the top of the day",
                            "id": "JumpcloudReport",
                            "is_enabled": "true",
                            "name": "JumpcloudReport",
                            "role_arn": "",
                            "schedule_expression": "cron(30 * * * ? *)"
                        },
                        "meta": {},
                        "tainted": false
                    },
                    "deposed": [],
                    "provider": ""
                },
                "aws_cloudwatch_event_target.jumpcloud": {
                    "type": "aws_cloudwatch_event_target",
                    "depends_on": [
                        "aws_cloudwatch_event_rule.jumpcloud",
                        "aws_lambda_function.lambda_jumpcloud"
                    ],
                    "primary": {
                        "id": "JumpcloudReport-terraform-003d09dc24bfa2993c9de85673",
                        "attributes": {
                            "arn": "arn:aws:lambda:us-west-2:913835907225:function:jumpcloud_to_cloudwatch",
                            "id": "JumpcloudReport-terraform-003d09dc24bfa2993c9de85673",
                            "input": "",
                            "input_path": "",
                            "rule": "JumpcloudReport",
                            "target_id": "terraform-003d09dc24bfa2993c9de85673"
                        },
                        "meta": {},
                        "tainted": false
                    },
                    "deposed": [],
                    "provider": ""
                },
                "aws_iam_policy.dynamo_and_lambda": {
                    "type": "aws_iam_policy",
                    "depends_on": [],
                    "primary": {
                        "id": "arn:aws:iam::913835907225:policy/s3_and_lambda-003d09dc24bfa2993c9de85671",
                        "attributes": {
                            "arn": "arn:aws:iam::913835907225:policy/s3_and_lambda-003d09dc24bfa2993c9de85671",
                            "description": "s3 Access",
                            "id": "arn:aws:iam::913835907225:policy/s3_and_lambda-003d09dc24bfa2993c9de85671",
                            "name": "s3_and_lambda-003d09dc24bfa2993c9de85671",
                            "name_prefix": "s3_and_lambda-",
                            "path": "/",
                            "policy": "{\n  \"Version\": \"2012-10-17\",\n  \"Statement\": [\n    {\n      \"Effect\": \"Allow\",\n      \"Action\": [\n        \"logs:CreateLogGroup\",\n        \"logs:CreateLogStream\",\n        \"logs:PutLogEvents\"\n      ],\n      \"Resource\": \"arn:aws:logs:*:*:*\"\n    },\n    {\n      \"Effect\": \"Allow\",\n      \"Action\" : [\n          \"s3:Get*\",\n          \"lambda:Invoke*\",\n          \"logs:*\"\n      ],\n      \"Resource\": \"*\"\n    }]\n}\n"
                        },
                        "meta": {},
                        "tainted": false
                    },
                    "deposed": [],
                    "provider": ""
                },
                "aws_iam_policy_attachment.test-attach": {
                    "type": "aws_iam_policy_attachment",
                    "depends_on": [
                        "aws_iam_policy.dynamo_and_lambda",
                        "aws_iam_role.policy"
                    ],
                    "primary": {
                        "id": "test-attachment",
                        "attributes": {
                            "groups.#": "0",
                            "id": "test-attachment",
                            "name": "test-attachment",
                            "policy_arn": "arn:aws:iam::913835907225:policy/s3_and_lambda-003d09dc24bfa2993c9de85671",
                            "roles.#": "1",
                            "roles.2418553846": "Lambda_SNS_Dynamo003d09dc24bfa2993c9de85672",
                            "users.#": "0"
                        },
                        "meta": {},
                        "tainted": false
                    },
                    "deposed": [],
                    "provider": ""
                },
                "aws_iam_role.policy": {
                    "type": "aws_iam_role",
                    "depends_on": [],
                    "primary": {
                        "id": "Lambda_SNS_Dynamo003d09dc24bfa2993c9de85672",
                        "attributes": {
                            "arn": "arn:aws:iam::913835907225:role/Lambda_SNS_Dynamo003d09dc24bfa2993c9de85672",
                            "assume_role_policy": "{\"Version\":\"2012-10-17\",\"Statement\":[{\"Effect\":\"Allow\",\"Principal\":{\"Service\":\"lambda.amazonaws.com\"},\"Action\":\"sts:AssumeRole\"}]}",
                            "create_date": "2017-04-26T01:31:29Z",
                            "id": "Lambda_SNS_Dynamo003d09dc24bfa2993c9de85672",
                            "name": "Lambda_SNS_Dynamo003d09dc24bfa2993c9de85672",
                            "name_prefix": "Lambda_SNS_Dynamo",
                            "path": "/",
                            "unique_id": "AROAJ2L5WBNQSG32NC5JM"
                        },
                        "meta": {},
                        "tainted": false
                    },
                    "deposed": [],
                    "provider": ""
                },
                "aws_lambda_function.lambda_jumpcloud": {
                    "type": "aws_lambda_function",
                    "depends_on": [
                        "aws_iam_role.policy",
                        "data.archive_file.lambda-zip"
                    ],
                    "primary": {
                        "id": "jumpcloud_to_cloudwatch",
                        "attributes": {
                            "arn": "arn:aws:lambda:us-west-2:913835907225:function:jumpcloud_to_cloudwatch",
                            "dead_letter_config.#": "0",
                            "description": "",
                            "environment.#": "0",
                            "filename": "/Users/matt/git/mhc/operations/terraform/jumpcloudapi/lambda.zip",
                            "function_name": "jumpcloud_to_cloudwatch",
                            "handler": "lambda.lambda_handler",
                            "id": "jumpcloud_to_cloudwatch",
                            "kms_key_arn": "",
                            "last_modified": "2017-04-26T02:01:43.899+0000",
                            "memory_size": "128",
                            "publish": "false",
                            "qualified_arn": "arn:aws:lambda:us-west-2:913835907225:function:jumpcloud_to_cloudwatch:$LATEST",
                            "role": "arn:aws:iam::913835907225:role/Lambda_SNS_Dynamo003d09dc24bfa2993c9de85672",
                            "runtime": "python3.6",
                            "source_code_hash": "M3Hwm2IIXlo5dUPm5injFFyYbJp4831HRaphTdIe/4Q=",
                            "timeout": "30",
                            "version": "$LATEST",
                            "vpc_config.#": "0"
                        },
                        "meta": {},
                        "tainted": false
                    },
                    "deposed": [],
                    "provider": ""
                },
                "aws_lambda_permission.allowcloudwatchevent": {
                    "type": "aws_lambda_permission",
                    "depends_on": [
                        "aws_cloudwatch_event_rule.jumpcloud",
                        "aws_lambda_function.lambda_jumpcloud"
                    ],
                    "primary": {
                        "id": "AllowExecutionFromCloudwatch",
                        "attributes": {
                            "action": "lambda:InvokeFunction",
                            "function_name": "arn:aws:lambda:us-west-2:913835907225:function:jumpcloud_to_cloudwatch",
                            "id": "AllowExecutionFromCloudwatch",
                            "principal": "events.amazonaws.com",
                            "qualifier": "",
                            "source_arn": "arn:aws:events:us-west-2:913835907225:rule/JumpcloudReport",
                            "statement_id": "AllowExecutionFromCloudwatch"
                        },
                        "meta": {},
                        "tainted": false
                    },
                    "deposed": [],
                    "provider": ""
                },
                "data.archive_file.lambda-zip": {
                    "type": "archive_file",
                    "depends_on": [],
                    "primary": {
                        "id": "d15d36d98edc4b2a41ea87faa5a68f73cd555ba8",
                        "attributes": {
                            "id": "d15d36d98edc4b2a41ea87faa5a68f73cd555ba8",
                            "output_base64sha256": "M3Hwm2IIXlo5dUPm5injFFyYbJp4831HRaphTdIe/4Q=",
                            "output_md5": "2b603403b5371c227a2433482bdaf085",
                            "output_path": "/Users/matt/git/mhc/operations/terraform/jumpcloudapi/lambda.zip",
                            "output_sha": "d15d36d98edc4b2a41ea87faa5a68f73cd555ba8",
                            "output_size": "1058597",
                            "source.#": "0",
                            "source_dir": "/Users/matt/git/mhc/operations/terraform/jumpcloudapi/files/",
                            "type": "zip"
                        },
                        "meta": {},
                        "tainted": false
                    },
                    "deposed": [],
                    "provider": ""
                }
            },
            "depends_on": []
        }
    ]
}
