{
    "version": 3,
    "terraform_version": "0.8.4",
    "serial": 11,
    "lineage": "a0fa335a-3591-4aaa-8ad6-fa4092099036",
    "modules": [
        {
            "path": [
                "root"
            ],
            "outputs": {},
            "resources": {
                "aws_dynamodb_table.dynamodb-table-bounce": {
                    "type": "aws_dynamodb_table",
                    "depends_on": [],
                    "primary": {
                        "id": "SES_BOUNCES",
                        "attributes": {
                            "arn": "arn:aws:dynamodb:us-east-1:913835907225:table/SES_BOUNCES",
                            "attribute.#": "3",
                            "attribute.2194888982.name": "sesMessageId",
                            "attribute.2194888982.type": "S",
                            "attribute.2522998024.name": "recipientAddress",
                            "attribute.2522998024.type": "S",
                            "attribute.632646193.name": "sesTimestamp",
                            "attribute.632646193.type": "N",
                            "global_secondary_index.#": "1",
                            "global_secondary_index.1421335495.hash_key": "sesTimestamp",
                            "global_secondary_index.1421335495.name": "sesTimestamp-index",
                            "global_secondary_index.1421335495.non_key_attributes.#": "0",
                            "global_secondary_index.1421335495.projection_type": "ALL",
                            "global_secondary_index.1421335495.range_key": "",
                            "global_secondary_index.1421335495.read_capacity": "5",
                            "global_secondary_index.1421335495.write_capacity": "5",
                            "hash_key": "recipientAddress",
                            "id": "SES_BOUNCES",
                            "local_secondary_index.#": "0",
                            "name": "SES_BOUNCES",
                            "range_key": "sesMessageId",
                            "read_capacity": "5",
                            "write_capacity": "5"
                        },
                        "meta": {},
                        "tainted": false
                    },
                    "deposed": [],
                    "provider": ""
                },
                "aws_dynamodb_table.dynamodb-table-delivery": {
                    "type": "aws_dynamodb_table",
                    "depends_on": [],
                    "primary": {
                        "id": "SES_DELIVERIES",
                        "attributes": {
                            "arn": "arn:aws:dynamodb:us-east-1:913835907225:table/SES_DELIVERIES",
                            "attribute.#": "3",
                            "attribute.2194888982.name": "sesMessageId",
                            "attribute.2194888982.type": "S",
                            "attribute.2522998024.name": "recipientAddress",
                            "attribute.2522998024.type": "S",
                            "attribute.632646193.name": "sesTimestamp",
                            "attribute.632646193.type": "N",
                            "global_secondary_index.#": "1",
                            "global_secondary_index.1421335495.hash_key": "sesTimestamp",
                            "global_secondary_index.1421335495.name": "sesTimestamp-index",
                            "global_secondary_index.1421335495.non_key_attributes.#": "0",
                            "global_secondary_index.1421335495.projection_type": "ALL",
                            "global_secondary_index.1421335495.range_key": "",
                            "global_secondary_index.1421335495.read_capacity": "5",
                            "global_secondary_index.1421335495.write_capacity": "5",
                            "hash_key": "recipientAddress",
                            "id": "SES_DELIVERIES",
                            "local_secondary_index.#": "0",
                            "name": "SES_DELIVERIES",
                            "range_key": "sesMessageId",
                            "read_capacity": "5",
                            "write_capacity": "5"
                        },
                        "meta": {},
                        "tainted": false
                    },
                    "deposed": [],
                    "provider": ""
                },
                "aws_iam_policy.dynamo_and_lambda": {
                    "type": "aws_iam_policy",
                    "depends_on": [
                        "aws_dynamodb_table.dynamodb-table-bounce",
                        "aws_dynamodb_table.dynamodb-table-delivery",
                        "aws_sns_topic.SESBounce",
                        "aws_sns_topic.SESDelivery"
                    ],
                    "primary": {
                        "id": "arn:aws:iam::913835907225:policy/dynamo_and_lambda-0060496f1f07a74c888d2a90ae",
                        "attributes": {
                            "arn": "arn:aws:iam::913835907225:policy/dynamo_and_lambda-0060496f1f07a74c888d2a90ae",
                            "description": "DynamoDB Access",
                            "id": "arn:aws:iam::913835907225:policy/dynamo_and_lambda-0060496f1f07a74c888d2a90ae",
                            "name": "dynamo_and_lambda-0060496f1f07a74c888d2a90ae",
                            "name_prefix": "dynamo_and_lambda-",
                            "path": "/",
                            "policy": "{\n  \"Version\": \"2012-10-17\",\n  \"Statement\": [\n    {\n      \"Effect\": \"Allow\",\n      \"Action\": [\n        \"logs:CreateLogGroup\",\n        \"logs:CreateLogStream\",\n        \"logs:PutLogEvents\"\n      ],\n      \"Resource\": \"arn:aws:logs:*:*:*\"\n    },\n    {\n      \"Effect\": \"Allow\",\n      \"Action\" : [\n          \"sns:*\"\n      ],\n      \"Resource\": [\n        \"arn:aws:sns:us-east-1:913835907225:SES_Bounce\",\n        \"arn:aws:sns:us-east-1:913835907225:SES_Delivery\"\n      ]\n    },\n    {\n       \"Sid\": \"Stmt1428510662000\",\n       \"Effect\": \"Allow\",\n       \"Action\": [\n           \"DynamoDB:*\"\n       ],\n       \"Resource\": [\n           \"arn:aws:dynamodb:us-east-1:913835907225:table/SES_DELIVERIES\",\n           \"arn:aws:dynamodb:us-east-1:913835907225:table/SES_BOUNCES\"\n       ]\n    }]\n}\n"
                        },
                        "meta": {},
                        "tainted": false
                    },
                    "deposed": [],
                    "provider": ""
                },
                "aws_iam_policy_attachment.test-attach": {
                    "type": "aws_iam_policy_attachment",
                    "depends_on": [
                        "aws_iam_policy.dynamo_and_lambda",
                        "aws_iam_role.policy"
                    ],
                    "primary": {
                        "id": "test-attachment",
                        "attributes": {
                            "groups.#": "0",
                            "id": "test-attachment",
                            "name": "test-attachment",
                            "policy_arn": "arn:aws:iam::913835907225:policy/dynamo_and_lambda-0060496f1f07a74c888d2a90ae",
                            "roles.#": "1",
                            "roles.2961168069": "Lambda_SNS_Dynamo00b4abe81bbd6e912820a93e1e",
                            "users.#": "0"
                        },
                        "meta": {},
                        "tainted": false
                    },
                    "deposed": [],
                    "provider": ""
                },
                "aws_iam_role.policy": {
                    "type": "aws_iam_role",
                    "depends_on": [],
                    "primary": {
                        "id": "Lambda_SNS_Dynamo00b4abe81bbd6e912820a93e1e",
                        "attributes": {
                            "arn": "arn:aws:iam::913835907225:role/Lambda_SNS_Dynamo00b4abe81bbd6e912820a93e1e",
                            "assume_role_policy": "{\"Version\":\"2012-10-17\",\"Statement\":[{\"Effect\":\"Allow\",\"Principal\":{\"Service\":\"lambda.amazonaws.com\"},\"Action\":\"sts:AssumeRole\"}]}",
                            "create_date": "2017-02-02T17:47:03Z",
                            "id": "Lambda_SNS_Dynamo00b4abe81bbd6e912820a93e1e",
                            "name": "Lambda_SNS_Dynamo00b4abe81bbd6e912820a93e1e",
                            "name_prefix": "Lambda_SNS_Dynamo",
                            "path": "/",
                            "unique_id": "AROAINNJUQPQ3GDDS362C"
                        },
                        "meta": {},
                        "tainted": false
                    },
                    "deposed": [],
                    "provider": ""
                },
                "aws_lambda_function.sns_notification-sesbounce": {
                    "type": "aws_lambda_function",
                    "depends_on": [
                        "aws_iam_role.policy",
                        "data.archive_file.lambda-sesbounce"
                    ],
                    "primary": {
                        "id": "ses_messages_processing-sesbounce",
                        "attributes": {
                            "arn": "arn:aws:lambda:us-east-1:913835907225:function:ses_messages_processing-sesbounce",
                            "description": "",
                            "environment.#": "0",
                            "filename": "/Users/matt/git/mhc/operations/terraform/ses-dynamov2/sesbounce.zip",
                            "function_name": "ses_messages_processing-sesbounce",
                            "handler": "storeSESBounce_lambda.lambda_handler",
                            "id": "ses_messages_processing-sesbounce",
                            "kms_key_arn": "",
                            "last_modified": "2017-02-02T18:15:39.240+0000",
                            "memory_size": "128",
                            "publish": "false",
                            "qualified_arn": "arn:aws:lambda:us-east-1:913835907225:function:ses_messages_processing-sesbounce:$LATEST",
                            "role": "arn:aws:iam::913835907225:role/Lambda_SNS_Dynamo00b4abe81bbd6e912820a93e1e",
                            "runtime": "python2.7",
                            "source_code_hash": "8ivq96n+Hgj5qYmxyxaQ0Ee5cBBYpK+OJzW5IODhJlU=",
                            "timeout": "3",
                            "version": "$LATEST",
                            "vpc_config.#": "0"
                        },
                        "meta": {},
                        "tainted": false
                    },
                    "deposed": [],
                    "provider": ""
                },
                "aws_lambda_function.sns_notification-sesdelivery": {
                    "type": "aws_lambda_function",
                    "depends_on": [
                        "aws_iam_role.policy",
                        "data.archive_file.lambda-sesdelivery"
                    ],
                    "primary": {
                        "id": "ses_messages_processing-sesdelivery",
                        "attributes": {
                            "arn": "arn:aws:lambda:us-east-1:913835907225:function:ses_messages_processing-sesdelivery",
                            "description": "",
                            "environment.#": "0",
                            "filename": "/Users/matt/git/mhc/operations/terraform/ses-dynamov2/sesdelivery.zip",
                            "function_name": "ses_messages_processing-sesdelivery",
                            "handler": "storeSESDelivery_lambda.lambda_handler",
                            "id": "ses_messages_processing-sesdelivery",
                            "kms_key_arn": "",
                            "last_modified": "2017-02-02T18:15:37.477+0000",
                            "memory_size": "128",
                            "publish": "false",
                            "qualified_arn": "arn:aws:lambda:us-east-1:913835907225:function:ses_messages_processing-sesdelivery:$LATEST",
                            "role": "arn:aws:iam::913835907225:role/Lambda_SNS_Dynamo00b4abe81bbd6e912820a93e1e",
                            "runtime": "python2.7",
                            "source_code_hash": "KQhXwMeN49CnprmHZc1YmBaYhbI+0rkqsSaKQ1tYfGE=",
                            "timeout": "3",
                            "version": "$LATEST",
                            "vpc_config.#": "0"
                        },
                        "meta": {},
                        "tainted": false
                    },
                    "deposed": [],
                    "provider": ""
                },
                "aws_lambda_permission.allow_sns-SESBounce": {
                    "type": "aws_lambda_permission",
                    "depends_on": [
                        "aws_lambda_function.sns_notification-sesbounce",
                        "aws_sns_topic.SESBounce"
                    ],
                    "primary": {
                        "id": "AllowExecutionFromSNS-SESBounce",
                        "attributes": {
                            "action": "lambda:InvokeFunction",
                            "function_name": "arn:aws:lambda:us-east-1:913835907225:function:ses_messages_processing-sesbounce",
                            "id": "AllowExecutionFromSNS-SESBounce",
                            "principal": "sns.amazonaws.com",
                            "source_arn": "arn:aws:sns:us-east-1:913835907225:SES_Bounce",
                            "statement_id": "AllowExecutionFromSNS-SESBounce"
                        },
                        "meta": {},
                        "tainted": false
                    },
                    "deposed": [],
                    "provider": ""
                },
                "aws_lambda_permission.allow_sns-SESDelivery": {
                    "type": "aws_lambda_permission",
                    "depends_on": [
                        "aws_lambda_function.sns_notification-sesdelivery",
                        "aws_sns_topic.SESDelivery"
                    ],
                    "primary": {
                        "id": "AllowExecutionFromSNS-SESDelivery",
                        "attributes": {
                            "action": "lambda:InvokeFunction",
                            "function_name": "arn:aws:lambda:us-east-1:913835907225:function:ses_messages_processing-sesdelivery",
                            "id": "AllowExecutionFromSNS-SESDelivery",
                            "principal": "sns.amazonaws.com",
                            "source_arn": "arn:aws:sns:us-east-1:913835907225:SES_Delivery",
                            "statement_id": "AllowExecutionFromSNS-SESDelivery"
                        },
                        "meta": {},
                        "tainted": false
                    },
                    "deposed": [],
                    "provider": ""
                },
                "aws_sns_topic.SESBounce": {
                    "type": "aws_sns_topic",
                    "depends_on": [],
                    "primary": {
                        "id": "arn:aws:sns:us-east-1:913835907225:SES_Bounce",
                        "attributes": {
                            "arn": "arn:aws:sns:us-east-1:913835907225:SES_Bounce",
                            "display_name": "",
                            "id": "arn:aws:sns:us-east-1:913835907225:SES_Bounce",
                            "name": "SES_Bounce",
                            "policy": "{\"Id\":\"__default_policy_ID\",\"Statement\":[{\"Action\":[\"SNS:GetTopicAttributes\",\"SNS:SetTopicAttributes\",\"SNS:AddPermission\",\"SNS:RemovePermission\",\"SNS:DeleteTopic\",\"SNS:Subscribe\",\"SNS:ListSubscriptionsByTopic\",\"SNS:Publish\",\"SNS:Receive\"],\"Effect\":\"Allow\",\"Principal\":{\"AWS\":\"*\"},\"Resource\":\"*\",\"Sid\":\"__default_statement_ID\"}],\"Version\":\"2008-10-17\"}"
                        },
                        "meta": {},
                        "tainted": false
                    },
                    "deposed": [],
                    "provider": ""
                },
                "aws_sns_topic.SESDelivery": {
                    "type": "aws_sns_topic",
                    "depends_on": [],
                    "primary": {
                        "id": "arn:aws:sns:us-east-1:913835907225:SES_Delivery",
                        "attributes": {
                            "arn": "arn:aws:sns:us-east-1:913835907225:SES_Delivery",
                            "display_name": "",
                            "id": "arn:aws:sns:us-east-1:913835907225:SES_Delivery",
                            "name": "SES_Delivery",
                            "policy": "{\"Id\":\"__default_policy_ID\",\"Statement\":[{\"Action\":[\"SNS:GetTopicAttributes\",\"SNS:SetTopicAttributes\",\"SNS:AddPermission\",\"SNS:RemovePermission\",\"SNS:DeleteTopic\",\"SNS:Subscribe\",\"SNS:ListSubscriptionsByTopic\",\"SNS:Publish\",\"SNS:Receive\"],\"Effect\":\"Allow\",\"Principal\":{\"AWS\":\"*\"},\"Resource\":\"*\",\"Sid\":\"__default_statement_ID\"}],\"Version\":\"2008-10-17\"}"
                        },
                        "meta": {},
                        "tainted": false
                    },
                    "deposed": [],
                    "provider": ""
                },
                "aws_sns_topic_policy.SESBounce": {
                    "type": "aws_sns_topic_policy",
                    "depends_on": [
                        "aws_sns_topic.SESBounce"
                    ],
                    "primary": {
                        "id": "arn:aws:sns:us-east-1:913835907225:SES_Bounce",
                        "attributes": {
                            "arn": "arn:aws:sns:us-east-1:913835907225:SES_Bounce",
                            "id": "arn:aws:sns:us-east-1:913835907225:SES_Bounce",
                            "policy": "{\"Version\":\"2008-10-17\",\"Id\":\"__default_policy_ID\",\"Statement\":[{\"Sid\":\"__default_statement_ID\",\"Effect\":\"Allow\",\"Principal\":{\"AWS\":\"*\"},\"Action\":[\"SNS:GetTopicAttributes\",\"SNS:SetTopicAttributes\",\"SNS:AddPermission\",\"SNS:RemovePermission\",\"SNS:DeleteTopic\",\"SNS:Subscribe\",\"SNS:ListSubscriptionsByTopic\",\"SNS:Publish\",\"SNS:Receive\"],\"Resource\":\"*\"}]}"
                        },
                        "meta": {},
                        "tainted": false
                    },
                    "deposed": [],
                    "provider": ""
                },
                "aws_sns_topic_policy.SESDelivery": {
                    "type": "aws_sns_topic_policy",
                    "depends_on": [
                        "aws_sns_topic.SESDelivery"
                    ],
                    "primary": {
                        "id": "arn:aws:sns:us-east-1:913835907225:SES_Delivery",
                        "attributes": {
                            "arn": "arn:aws:sns:us-east-1:913835907225:SES_Delivery",
                            "id": "arn:aws:sns:us-east-1:913835907225:SES_Delivery",
                            "policy": "{\"Version\":\"2008-10-17\",\"Id\":\"__default_policy_ID\",\"Statement\":[{\"Sid\":\"__default_statement_ID\",\"Effect\":\"Allow\",\"Principal\":{\"AWS\":\"*\"},\"Action\":[\"SNS:GetTopicAttributes\",\"SNS:SetTopicAttributes\",\"SNS:AddPermission\",\"SNS:RemovePermission\",\"SNS:DeleteTopic\",\"SNS:Subscribe\",\"SNS:ListSubscriptionsByTopic\",\"SNS:Publish\",\"SNS:Receive\"],\"Resource\":\"*\"}]}"
                        },
                        "meta": {},
                        "tainted": false
                    },
                    "deposed": [],
                    "provider": ""
                },
                "aws_sns_topic_subscription.SESBounce_notifications": {
                    "type": "aws_sns_topic_subscription",
                    "depends_on": [
                        "aws_lambda_function.sns_notification-sesbounce",
                        "aws_sns_topic.SESBounce"
                    ],
                    "primary": {
                        "id": "arn:aws:sns:us-east-1:913835907225:SES_Bounce:a0099a77-3d00-4ba9-b6c3-e000a46c224b",
                        "attributes": {
                            "arn": "arn:aws:sns:us-east-1:913835907225:SES_Bounce:a0099a77-3d00-4ba9-b6c3-e000a46c224b",
                            "confirmation_timeout_in_minutes": "1",
                            "endpoint": "arn:aws:lambda:us-east-1:913835907225:function:ses_messages_processing-sesbounce",
                            "endpoint_auto_confirms": "false",
                            "id": "arn:aws:sns:us-east-1:913835907225:SES_Bounce:a0099a77-3d00-4ba9-b6c3-e000a46c224b",
                            "protocol": "lambda",
                            "raw_message_delivery": "false",
                            "topic_arn": "arn:aws:sns:us-east-1:913835907225:SES_Bounce"
                        },
                        "meta": {},
                        "tainted": false
                    },
                    "deposed": [],
                    "provider": ""
                },
                "aws_sns_topic_subscription.SESDelivery_notifications": {
                    "type": "aws_sns_topic_subscription",
                    "depends_on": [
                        "aws_lambda_function.sns_notification-sesdelivery",
                        "aws_sns_topic.SESDelivery"
                    ],
                    "primary": {
                        "id": "arn:aws:sns:us-east-1:913835907225:SES_Delivery:6c6b0c07-9b8a-4252-a9bc-246c775480ba",
                        "attributes": {
                            "arn": "arn:aws:sns:us-east-1:913835907225:SES_Delivery:6c6b0c07-9b8a-4252-a9bc-246c775480ba",
                            "confirmation_timeout_in_minutes": "1",
                            "endpoint": "arn:aws:lambda:us-east-1:913835907225:function:ses_messages_processing-sesdelivery",
                            "endpoint_auto_confirms": "false",
                            "id": "arn:aws:sns:us-east-1:913835907225:SES_Delivery:6c6b0c07-9b8a-4252-a9bc-246c775480ba",
                            "protocol": "lambda",
                            "raw_message_delivery": "false",
                            "topic_arn": "arn:aws:sns:us-east-1:913835907225:SES_Delivery"
                        },
                        "meta": {},
                        "tainted": false
                    },
                    "deposed": [],
                    "provider": ""
                },
                "data.archive_file.lambda-sesbounce": {
                    "type": "archive_file",
                    "depends_on": [],
                    "primary": {
                        "id": "7ad0ae750899f1c924559e1bc3afc64897d3ca6c",
                        "attributes": {
                            "id": "7ad0ae750899f1c924559e1bc3afc64897d3ca6c",
                            "output_base64sha256": "8ivq96n+Hgj5qYmxyxaQ0Ee5cBBYpK+OJzW5IODhJlU=",
                            "output_md5": "9a22cfbeca7ddc5529453fd18b85775d",
                            "output_path": "/Users/matt/git/mhc/operations/terraform/ses-dynamov2/sesbounce.zip",
                            "output_sha": "7ad0ae750899f1c924559e1bc3afc64897d3ca6c",
                            "output_size": "1397",
                            "source_file": "/Users/matt/git/mhc/operations/terraform/ses-dynamov2/storeSESBounce_lambda.py",
                            "type": "zip"
                        },
                        "meta": {},
                        "tainted": false
                    },
                    "deposed": [],
                    "provider": ""
                },
                "data.archive_file.lambda-sesdelivery": {
                    "type": "archive_file",
                    "depends_on": [],
                    "primary": {
                        "id": "fd603f9733ac004b24ab499ea004a8ef2f2d2e40",
                        "attributes": {
                            "id": "fd603f9733ac004b24ab499ea004a8ef2f2d2e40",
                            "output_base64sha256": "KQhXwMeN49CnprmHZc1YmBaYhbI+0rkqsSaKQ1tYfGE=",
                            "output_md5": "d49526a3ac016d3af2de057b334d5913",
                            "output_path": "/Users/matt/git/mhc/operations/terraform/ses-dynamov2/sesdelivery.zip",
                            "output_sha": "fd603f9733ac004b24ab499ea004a8ef2f2d2e40",
                            "output_size": "1232",
                            "source_file": "/Users/matt/git/mhc/operations/terraform/ses-dynamov2/storeSESDelivery_lambda.py",
                            "type": "zip"
                        },
                        "meta": {},
                        "tainted": false
                    },
                    "deposed": [],
                    "provider": ""
                }
            },
            "depends_on": []
        }
    ]
}
